PODS:
  - Alamofire (4.9.1)
  - lottie-ios (3.1.9)
  - Realm (10.1.0):
    - Realm/Headers (= 10.1.0)
  - Realm/Headers (10.1.0)
  - RealmSwift (10.1.0):
    - Realm (= 10.1.0)
  - SDWebImage (5.9.5):
    - SDWebImage/Core (= 5.9.5)
  - SDWebImage/Core (5.9.5)
  - SwiftyJSON (4.3.0)

DEPENDENCIES:
  - Alamofire
  - lottie-ios
  - RealmSwift (= 10.1.0)
  - SDWebImage
  - SwiftyJSON (~> 4.0)

SPEC REPOS:
  trunk:
    - Alamofire
    - lottie-ios
    - Realm
    - RealmSwift
    - SDWebImage
    - SwiftyJSON

SPEC CHECKSUMS:
  Alamofire: 85e8a02c69d6020a0d734f6054870d7ecb75cf18
  lottie-ios: 3a3758ef5a008e762faec9c9d50a39842f26d124
  Realm: 100df88a0faf5328f48477427e4b3e1a1598bae3
  RealmSwift: 725d1c10df64964b04aaa0058c19ce0f4b4c3f5a
  SDWebImage: 0b2ba0d56479bf6a45ecddbfd5558bea93150d25
  SwiftyJSON: 6faa0040f8b59dead0ee07436cbf76b73c08fd08

PODFILE CHECKSUM: 21c65c7760be328ecc85f1eb077932bc88c37228

COCOAPODS: 1.10.0
